
Microsoft Visual Studio Solution File, Format Version 12.00
# Visual Studio Version 16
VisualStudioVersion = 16.0.32228.343
MinimumVisualStudioVersion = 10.0.40219.1
Project("{FAE04EC0-301F-11D3-BF4B-00C04F79EFBC}") = "SampleWithLock", "SampleWithLock\SampleWithLock.csproj", "{386B06B7-905A-4F55-9F9E-2C8B68797BE1}"
EndProject
Global
	GlobalSection(SolutionConfigurationPlatforms) = preSolution
		Debug|Any CPU = Debug|Any CPU
		Release|Any CPU = Release|Any CPU
	EndGlobalSection
	GlobalSection(ProjectConfigurationPlatforms) = postSolution
		{386B06B7-905A-4F55-9F9E-2C8B68797BE1}.Debug|Any CPU.ActiveCfg = Debug|Any CPU
		{386B06B7-905A-4F55-9F9E-2C8B68797BE1}.Debug|Any CPU.Build.0 = Debug|Any CPU
		{386B06B7-905A-4F55-9F9E-2C8B68797BE1}.Release|Any CPU.ActiveCfg = Release|Any CPU
		{386B06B7-905A-4F55-9F9E-2C8B68797BE1}.Release|Any CPU.Build.0 = Release|Any CPU
	EndGlobalSection
	GlobalSection(SolutionProperties) = preSolution
		HideSolutionNode = FALSE
	EndGlobalSection
	GlobalSection(ExtensibilityGlobals) = postSolution
		SolutionGuid = {47934E73-398D-416D-91A1-51E44782DE4C}
	EndGlobalSection
EndGlobal
